
Microsoft Visual Studio Solution File, Format Version 12.00
# Visual Studio Version 16
VisualStudioVersion = 16.0.30413.136
MinimumVisualStudioVersion = 10.0.40219.1
Project("{FAE04EC0-301F-11D3-BF4B-00C04F79EFBC}") = "MasterLogin.Common", "MasterLogin.Common\MasterLogin.Common.csproj", "{3856DAC2-0F4D-4CE8-B5F6-8AE4C361ECB0}"
EndProject
Project("{FAE04EC0-301F-11D3-BF4B-00C04F79EFBC}") = "MasterLogin.Prism", "MasterLogin.Prism\MasterLogin.Prism\MasterLogin.Prism.csproj", "{0C644913-1843-4F41-BBC4-5C3473ECC746}"
EndProject
Project("{FAE04EC0-301F-11D3-BF4B-00C04F79EFBC}") = "MasterLogin.Prism.Android", "MasterLogin.Prism\MasterLogin.Prism.Android\MasterLogin.Prism.Android.csproj", "{6D227989-93C7-4E62-B867-46EDAEB9181D}"
EndProject
Project("{FAE04EC0-301F-11D3-BF4B-00C04F79EFBC}") = "MasterLogin.Prism.iOS", "MasterLogin.Prism\MasterLogin.Prism.iOS\MasterLogin.Prism.iOS.csproj", "{F152E955-73B2-47F9-A751-913AB11A0A6F}"
EndProject
Global
	GlobalSection(SolutionConfigurationPlatforms) = preSolution
		Ad-Hoc|Any CPU = Ad-Hoc|Any CPU
		Ad-Hoc|iPhone = Ad-Hoc|iPhone
		Ad-Hoc|iPhoneSimulator = Ad-Hoc|iPhoneSimulator
		AppStore|Any CPU = AppStore|Any CPU
		AppStore|iPhone = AppStore|iPhone
		AppStore|iPhoneSimulator = AppStore|iPhoneSimulator
		Debug|Any CPU = Debug|Any CPU
		Debug|iPhone = Debug|iPhone
		Debug|iPhoneSimulator = Debug|iPhoneSimulator
		Release|Any CPU = Release|Any CPU
		Release|iPhone = Release|iPhone
		Release|iPhoneSimulator = Release|iPhoneSimulator
	EndGlobalSection
	GlobalSection(ProjectConfigurationPlatforms) = postSolution
		{3856DAC2-0F4D-4CE8-B5F6-8AE4C361ECB0}.Ad-Hoc|Any CPU.ActiveCfg = Debug|Any CPU
		{3856DAC2-0F4D-4CE8-B5F6-8AE4C361ECB0}.Ad-Hoc|Any CPU.Build.0 = Debug|Any CPU
		{3856DAC2-0F4D-4CE8-B5F6-8AE4C361ECB0}.Ad-Hoc|iPhone.ActiveCfg = Debug|Any CPU
		{3856DAC2-0F4D-4CE8-B5F6-8AE4C361ECB0}.Ad-Hoc|iPhone.Build.0 = Debug|Any CPU
		{3856DAC2-0F4D-4CE8-B5F6-8AE4C361ECB0}.Ad-Hoc|iPhoneSimulator.ActiveCfg = Debug|Any CPU
		{3856DAC2-0F4D-4CE8-B5F6-8AE4C361ECB0}.Ad-Hoc|iPhoneSimulator.Build.0 = Debug|Any CPU
		{3856DAC2-0F4D-4CE8-B5F6-8AE4C361ECB0}.AppStore|Any CPU.ActiveCfg = Debug|Any CPU
		{3856DAC2-0F4D-4CE8-B5F6-8AE4C361ECB0}.AppStore|Any CPU.Build.0 = Debug|Any CPU
		{3856DAC2-0F4D-4CE8-B5F6-8AE4C361ECB0}.AppStore|iPhone.ActiveCfg = Debug|Any CPU
		{3856DAC2-0F4D-4CE8-B5F6-8AE4C361ECB0}.AppStore|iPhone.Build.0 = Debug|Any CPU
		{3856DAC2-0F4D-4CE8-B5F6-8AE4C361ECB0}.AppStore|iPhoneSimulator.ActiveCfg = Debug|Any CPU
		{3856DAC2-0F4D-4CE8-B5F6-8AE4C361ECB0}.AppStore|iPhoneSimulator.Build.0 = Debug|Any CPU
		{3856DAC2-0F4D-4CE8-B5F6-8AE4C361ECB0}.Debug|Any CPU.ActiveCfg = Debug|Any CPU
		{3856DAC2-0F4D-4CE8-B5F6-8AE4C361ECB0}.Debug|Any CPU.Build.0 = Debug|Any CPU
		{3856DAC2-0F4D-4CE8-B5F6-8AE4C361ECB0}.Debug|iPhone.ActiveCfg = Debug|Any CPU
		{3856DAC2-0F4D-4CE8-B5F6-8AE4C361ECB0}.Debug|iPhone.Build.0 = Debug|Any CPU
		{3856DAC2-0F4D-4CE8-B5F6-8AE4C361ECB0}.Debug|iPhoneSimulator.ActiveCfg = Debug|Any CPU
		{3856DAC2-0F4D-4CE8-B5F6-8AE4C361ECB0}.Debug|iPhoneSimulator.Build.0 = Debug|Any CPU
		{3856DAC2-0F4D-4CE8-B5F6-8AE4C361ECB0}.Release|Any CPU.ActiveCfg = Release|Any CPU
		{3856DAC2-0F4D-4CE8-B5F6-8AE4C361ECB0}.Release|Any CPU.Build.0 = Release|Any CPU
		{3856DAC2-0F4D-4CE8-B5F6-8AE4C361ECB0}.Release|iPhone.ActiveCfg = Release|Any CPU
		{3856DAC2-0F4D-4CE8-B5F6-8AE4C361ECB0}.Release|iPhone.Build.0 = Release|Any CPU
		{3856DAC2-0F4D-4CE8-B5F6-8AE4C361ECB0}.Release|iPhoneSimulator.ActiveCfg = Release|Any CPU
		{3856DAC2-0F4D-4CE8-B5F6-8AE4C361ECB0}.Release|iPhoneSimulator.Build.0 = Release|Any CPU
		{0C644913-1843-4F41-BBC4-5C3473ECC746}.Ad-Hoc|Any CPU.ActiveCfg = Debug|Any CPU
		{0C644913-1843-4F41-BBC4-5C3473ECC746}.Ad-Hoc|Any CPU.Build.0 = Debug|Any CPU
		{0C644913-1843-4F41-BBC4-5C3473ECC746}.Ad-Hoc|iPhone.ActiveCfg = Debug|Any CPU
		{0C644913-1843-4F41-BBC4-5C3473ECC746}.Ad-Hoc|iPhone.Build.0 = Debug|Any CPU
		{0C644913-1843-4F41-BBC4-5C3473ECC746}.Ad-Hoc|iPhoneSimulator.ActiveCfg = Debug|Any CPU
		{0C644913-1843-4F41-BBC4-5C3473ECC746}.Ad-Hoc|iPhoneSimulator.Build.0 = Debug|Any CPU
		{0C644913-1843-4F41-BBC4-5C3473ECC746}.AppStore|Any CPU.ActiveCfg = Debug|Any CPU
		{0C644913-1843-4F41-BBC4-5C3473ECC746}.AppStore|Any CPU.Build.0 = Debug|Any CPU
		{0C644913-1843-4F41-BBC4-5C3473ECC746}.AppStore|iPhone.ActiveCfg = Debug|Any CPU
		{0C644913-1843-4F41-BBC4-5C3473ECC746}.AppStore|iPhone.Build.0 = Debug|Any CPU
		{0C644913-1843-4F41-BBC4-5C3473ECC746}.AppStore|iPhoneSimulator.ActiveCfg = Debug|Any CPU
		{0C644913-1843-4F41-BBC4-5C3473ECC746}.AppStore|iPhoneSimulator.Build.0 = Debug|Any CPU
		{0C644913-1843-4F41-BBC4-5C3473ECC746}.Debug|Any CPU.ActiveCfg = Debug|Any CPU
		{0C644913-1843-4F41-BBC4-5C3473ECC746}.Debug|Any CPU.Build.0 = Debug|Any CPU
		{0C644913-1843-4F41-BBC4-5C3473ECC746}.Debug|iPhone.ActiveCfg = Debug|Any CPU
		{0C644913-1843-4F41-BBC4-5C3473ECC746}.Debug|iPhone.Build.0 = Debug|Any CPU
		{0C644913-1843-4F41-BBC4-5C3473ECC746}.Debug|iPhoneSimulator.ActiveCfg = Debug|Any CPU
		{0C644913-1843-4F41-BBC4-5C3473ECC746}.Debug|iPhoneSimulator.Build.0 = Debug|Any CPU
		{0C644913-1843-4F41-BBC4-5C3473ECC746}.Release|Any CPU.ActiveCfg = Release|Any CPU
		{0C644913-1843-4F41-BBC4-5C3473ECC746}.Release|Any CPU.Build.0 = Release|Any CPU
		{0C644913-1843-4F41-BBC4-5C3473ECC746}.Release|iPhone.ActiveCfg = Release|Any CPU
		{0C644913-1843-4F41-BBC4-5C3473ECC746}.Release|iPhone.Build.0 = Release|Any CPU
		{0C644913-1843-4F41-BBC4-5C3473ECC746}.Release|iPhoneSimulator.ActiveCfg = Release|Any CPU
		{0C644913-1843-4F41-BBC4-5C3473ECC746}.Release|iPhoneSimulator.Build.0 = Release|Any CPU
		{6D227989-93C7-4E62-B867-46EDAEB9181D}.Ad-Hoc|Any CPU.ActiveCfg = Release|Any CPU
		{6D227989-93C7-4E62-B867-46EDAEB9181D}.Ad-Hoc|Any CPU.Build.0 = Release|Any CPU
		{6D227989-93C7-4E62-B867-46EDAEB9181D}.Ad-Hoc|Any CPU.Deploy.0 = Release|Any CPU
		{6D227989-93C7-4E62-B867-46EDAEB9181D}.Ad-Hoc|iPhone.ActiveCfg = Release|Any CPU
		{6D227989-93C7-4E62-B867-46EDAEB9181D}.Ad-Hoc|iPhone.Build.0 = Release|Any CPU
		{6D227989-93C7-4E62-B867-46EDAEB9181D}.Ad-Hoc|iPhone.Deploy.0 = Release|Any CPU
		{6D227989-93C7-4E62-B867-46EDAEB9181D}.Ad-Hoc|iPhoneSimulator.ActiveCfg = Release|Any CPU
		{6D227989-93C7-4E62-B867-46EDAEB9181D}.Ad-Hoc|iPhoneSimulator.Build.0 = Release|Any CPU
		{6D227989-93C7-4E62-B867-46EDAEB9181D}.Ad-Hoc|iPhoneSimulator.Deploy.0 = Release|Any CPU
		{6D227989-93C7-4E62-B867-46EDAEB9181D}.AppStore|Any CPU.ActiveCfg = Release|Any CPU
		{6D227989-93C7-4E62-B867-46EDAEB9181D}.AppStore|Any CPU.Build.0 = Release|Any CPU
		{6D227989-93C7-4E62-B867-46EDAEB9181D}.AppStore|Any CPU.Deploy.0 = Release|Any CPU
		{6D227989-93C7-4E62-B867-46EDAEB9181D}.AppStore|iPhone.ActiveCfg = Release|Any CPU
		{6D227989-93C7-4E62-B867-46EDAEB9181D}.AppStore|iPhone.Build.0 = Release|Any CPU
		{6D227989-93C7-4E62-B867-46EDAEB9181D}.AppStore|iPhone.Deploy.0 = Release|Any CPU
		{6D227989-93C7-4E62-B867-46EDAEB9181D}.AppStore|iPhoneSimulator.ActiveCfg = Release|Any CPU
		{6D227989-93C7-4E62-B867-46EDAEB9181D}.AppStore|iPhoneSimulator.Build.0 = Release|Any CPU
		{6D227989-93C7-4E62-B867-46EDAEB9181D}.AppStore|iPhoneSimulator.Deploy.0 = Release|Any CPU
		{6D227989-93C7-4E62-B867-46EDAEB9181D}.Debug|Any CPU.ActiveCfg = Debug|Any CPU
		{6D227989-93C7-4E62-B867-46EDAEB9181D}.Debug|Any CPU.Build.0 = Debug|Any CPU
		{6D227989-93C7-4E62-B867-46EDAEB9181D}.Debug|Any CPU.Deploy.0 = Debug|Any CPU
		{6D227989-93C7-4E62-B867-46EDAEB9181D}.Debug|iPhone.ActiveCfg = Debug|Any CPU
		{6D227989-93C7-4E62-B867-46EDAEB9181D}.Debug|iPhone.Build.0 = Debug|Any CPU
		{6D227989-93C7-4E62-B867-46EDAEB9181D}.Debug|iPhone.Deploy.0 = Debug|Any CPU
		{6D227989-93C7-4E62-B867-46EDAEB9181D}.Debug|iPhoneSimulator.ActiveCfg = Debug|Any CPU
		{6D227989-93C7-4E62-B867-46EDAEB9181D}.Debug|iPhoneSimulator.Build.0 = Debug|Any CPU
		{6D227989-93C7-4E62-B867-46EDAEB9181D}.Debug|iPhoneSimulator.Deploy.0 = Debug|Any CPU
		{6D227989-93C7-4E62-B867-46EDAEB9181D}.Release|Any CPU.ActiveCfg = Release|Any CPU
		{6D227989-93C7-4E62-B867-46EDAEB9181D}.Release|Any CPU.Build.0 = Release|Any CPU
		{6D227989-93C7-4E62-B867-46EDAEB9181D}.Release|Any CPU.Deploy.0 = Release|Any CPU
		{6D227989-93C7-4E62-B867-46EDAEB9181D}.Release|iPhone.ActiveCfg = Release|Any CPU
		{6D227989-93C7-4E62-B867-46EDAEB9181D}.Release|iPhone.Build.0 = Release|Any CPU
		{6D227989-93C7-4E62-B867-46EDAEB9181D}.Release|iPhone.Deploy.0 = Release|Any CPU
		{6D227989-93C7-4E62-B867-46EDAEB9181D}.Release|iPhoneSimulator.ActiveCfg = Release|Any CPU
		{6D227989-93C7-4E62-B867-46EDAEB9181D}.Release|iPhoneSimulator.Build.0 = Release|Any CPU
		{6D227989-93C7-4E62-B867-46EDAEB9181D}.Release|iPhoneSimulator.Deploy.0 = Release|Any CPU
		{F152E955-73B2-47F9-A751-913AB11A0A6F}.Ad-Hoc|Any CPU.ActiveCfg = Ad-Hoc|iPhone
		{F152E955-73B2-47F9-A751-913AB11A0A6F}.Ad-Hoc|iPhone.ActiveCfg = Ad-Hoc|iPhone
		{F152E955-73B2-47F9-A751-913AB11A0A6F}.Ad-Hoc|iPhone.Build.0 = Ad-Hoc|iPhone
		{F152E955-73B2-47F9-A751-913AB11A0A6F}.Ad-Hoc|iPhoneSimulator.ActiveCfg = Ad-Hoc|iPhoneSimulator
		{F152E955-73B2-47F9-A751-913AB11A0A6F}.Ad-Hoc|iPhoneSimulator.Build.0 = Ad-Hoc|iPhoneSimulator
		{F152E955-73B2-47F9-A751-913AB11A0A6F}.AppStore|Any CPU.ActiveCfg = AppStore|iPhone
		{F152E955-73B2-47F9-A751-913AB11A0A6F}.AppStore|iPhone.ActiveCfg = AppStore|iPhone
		{F152E955-73B2-47F9-A751-913AB11A0A6F}.AppStore|iPhone.Build.0 = AppStore|iPhone
		{F152E955-73B2-47F9-A751-913AB11A0A6F}.AppStore|iPhoneSimulator.ActiveCfg = AppStore|iPhoneSimulator
		{F152E955-73B2-47F9-A751-913AB11A0A6F}.AppStore|iPhoneSimulator.Build.0 = AppStore|iPhoneSimulator
		{F152E955-73B2-47F9-A751-913AB11A0A6F}.Debug|Any CPU.ActiveCfg = Debug|iPhone
		{F152E955-73B2-47F9-A751-913AB11A0A6F}.Debug|iPhone.ActiveCfg = Debug|iPhone
		{F152E955-73B2-47F9-A751-913AB11A0A6F}.Debug|iPhone.Build.0 = Debug|iPhone
		{F152E955-73B2-47F9-A751-913AB11A0A6F}.Debug|iPhoneSimulator.ActiveCfg = Debug|iPhoneSimulator
		{F152E955-73B2-47F9-A751-913AB11A0A6F}.Debug|iPhoneSimulator.Build.0 = Debug|iPhoneSimulator
		{F152E955-73B2-47F9-A751-913AB11A0A6F}.Release|Any CPU.ActiveCfg = Release|iPhone
		{F152E955-73B2-47F9-A751-913AB11A0A6F}.Release|iPhone.ActiveCfg = Release|iPhone
		{F152E955-73B2-47F9-A751-913AB11A0A6F}.Release|iPhone.Build.0 = Release|iPhone
		{F152E955-73B2-47F9-A751-913AB11A0A6F}.Release|iPhoneSimulator.ActiveCfg = Release|iPhoneSimulator
		{F152E955-73B2-47F9-A751-913AB11A0A6F}.Release|iPhoneSimulator.Build.0 = Release|iPhoneSimulator
	EndGlobalSection
	GlobalSection(SolutionProperties) = preSolution
		HideSolutionNode = FALSE
	EndGlobalSection
	GlobalSection(ExtensibilityGlobals) = postSolution
		SolutionGuid = {83D4500F-E6D7-49A8-8626-34A07664B0D5}
	EndGlobalSection
EndGlobal
